// !$*UTF8*$!
{
	archiveVersion = 1;
	classes = {
	};
	objectVersion = 55;
	objects = {

/* Begin PBXBuildFile section */
		1641C40F28C28D9E00AB2C33 /* AppDelegate.swift in Sources */ = {isa = PBXBuildFile; fileRef = 1641C40E28C28D9E00AB2C33 /* AppDelegate.swift */; };
		1641C41128C28D9E00AB2C33 /* SceneDelegate.swift in Sources */ = {isa = PBXBuildFile; fileRef = 1641C41028C28D9E00AB2C33 /* SceneDelegate.swift */; };
		1641C41328C28D9E00AB2C33 /* AlbumPhotoViewController.swift in Sources */ = {isa = PBXBuildFile; fileRef = 1641C41228C28D9E00AB2C33 /* AlbumPhotoViewController.swift */; };
		1641C41828C28D9F00AB2C33 /* Assets.xcassets in Resources */ = {isa = PBXBuildFile; fileRef = 1641C41728C28D9F00AB2C33 /* Assets.xcassets */; };
		169EB73228C2A7210000DA6A /* PhotoTabBarController.swift in Sources */ = {isa = PBXBuildFile; fileRef = 169EB73128C2A7210000DA6A /* PhotoTabBarController.swift */; };
		169EB73428C2A7FB0000DA6A /* MediaLibraryViewController.swift in Sources */ = {isa = PBXBuildFile; fileRef = 169EB73328C2A7FB0000DA6A /* MediaLibraryViewController.swift */; };
		169EB73628C2A8290000DA6A /* PersonalPhotoViewController.swift in Sources */ = {isa = PBXBuildFile; fileRef = 169EB73528C2A8290000DA6A /* PersonalPhotoViewController.swift */; };
		169EB73828C2A85F0000DA6A /* SearchPhotoViewController.swift in Sources */ = {isa = PBXBuildFile; fileRef = 169EB73728C2A85F0000DA6A /* SearchPhotoViewController.swift */; };
		169EB73A28C2BE410000DA6A /* AlbumCompositionalCell.swift in Sources */ = {isa = PBXBuildFile; fileRef = 169EB73928C2BE410000DA6A /* AlbumCompositionalCell.swift */; };
		169EB73D28C2C45C0000DA6A /* SnapKit in Frameworks */ = {isa = PBXBuildFile; productRef = 169EB73C28C2C45C0000DA6A /* SnapKit */; };
		169EB74128C5340A0000DA6A /* AlbumSectionHeader.swift in Sources */ = {isa = PBXBuildFile; fileRef = 169EB74028C5340A0000DA6A /* AlbumSectionHeader.swift */; };
		169EB74328C545BD0000DA6A /* PhotoTableCell.swift in Sources */ = {isa = PBXBuildFile; fileRef = 169EB74228C545BD0000DA6A /* PhotoTableCell.swift */; };
		169EB74728C553C20000DA6A /* AlbumModel.swift in Sources */ = {isa = PBXBuildFile; fileRef = 169EB74628C553C20000DA6A /* AlbumModel.swift */; };
		169EB74928C56ACB0000DA6A /* PhotoTableModel.swift in Sources */ = {isa = PBXBuildFile; fileRef = 169EB74828C56ACB0000DA6A /* PhotoTableModel.swift */; };
/* End PBXBuildFile section */

/* Begin PBXFileReference section */
		1641C40B28C28D9E00AB2C33 /* PhotoApp.app */ = {isa = PBXFileReference; explicitFileType = wrapper.application; includeInIndex = 0; path = PhotoApp.app; sourceTree = BUILT_PRODUCTS_DIR; };
		1641C40E28C28D9E00AB2C33 /* AppDelegate.swift */ = {isa = PBXFileReference; lastKnownFileType = sourcecode.swift; path = AppDelegate.swift; sourceTree = "<group>"; };
		1641C41028C28D9E00AB2C33 /* SceneDelegate.swift */ = {isa = PBXFileReference; lastKnownFileType = sourcecode.swift; path = SceneDelegate.swift; sourceTree = "<group>"; };
		1641C41228C28D9E00AB2C33 /* AlbumPhotoViewController.swift */ = {isa = PBXFileReference; lastKnownFileType = sourcecode.swift; path = AlbumPhotoViewController.swift; sourceTree = "<group>"; };
		1641C41728C28D9F00AB2C33 /* Assets.xcassets */ = {isa = PBXFileReference; lastKnownFileType = folder.assetcatalog; path = Assets.xcassets; sourceTree = "<group>"; };
		1641C41C28C28D9F00AB2C33 /* Info.plist */ = {isa = PBXFileReference; lastKnownFileType = text.plist.xml; path = Info.plist; sourceTree = "<group>"; };
		169EB73128C2A7210000DA6A /* PhotoTabBarController.swift */ = {isa = PBXFileReference; lastKnownFileType = sourcecode.swift; path = PhotoTabBarController.swift; sourceTree = "<group>"; };
		169EB73328C2A7FB0000DA6A /* MediaLibraryViewController.swift */ = {isa = PBXFileReference; lastKnownFileType = sourcecode.swift; path = MediaLibraryViewController.swift; sourceTree = "<group>"; };
		169EB73528C2A8290000DA6A /* PersonalPhotoViewController.swift */ = {isa = PBXFileReference; lastKnownFileType = sourcecode.swift; path = PersonalPhotoViewController.swift; sourceTree = "<group>"; };
		169EB73728C2A85F0000DA6A /* SearchPhotoViewController.swift */ = {isa = PBXFileReference; lastKnownFileType = sourcecode.swift; path = SearchPhotoViewController.swift; sourceTree = "<group>"; };
		169EB73928C2BE410000DA6A /* AlbumCompositionalCell.swift */ = {isa = PBXFileReference; lastKnownFileType = sourcecode.swift; path = AlbumCompositionalCell.swift; sourceTree = "<group>"; };
		169EB74028C5340A0000DA6A /* AlbumSectionHeader.swift */ = {isa = PBXFileReference; lastKnownFileType = sourcecode.swift; path = AlbumSectionHeader.swift; sourceTree = "<group>"; };
		169EB74228C545BD0000DA6A /* PhotoTableCell.swift */ = {isa = PBXFileReference; lastKnownFileType = sourcecode.swift; path = PhotoTableCell.swift; sourceTree = "<group>"; };
		169EB74628C553C20000DA6A /* AlbumModel.swift */ = {isa = PBXFileReference; lastKnownFileType = sourcecode.swift; path = AlbumModel.swift; sourceTree = "<group>"; };
		169EB74828C56ACB0000DA6A /* PhotoTableModel.swift */ = {isa = PBXFileReference; lastKnownFileType = sourcecode.swift; path = PhotoTableModel.swift; sourceTree = "<group>"; };
/* End PBXFileReference section */

/* Begin PBXFrameworksBuildPhase section */
		1641C40828C28D9E00AB2C33 /* Frameworks */ = {
			isa = PBXFrameworksBuildPhase;
			buildActionMask = 2147483647;
			files = (
				169EB73D28C2C45C0000DA6A /* SnapKit in Frameworks */,
			);
			runOnlyForDeploymentPostprocessing = 0;
		};
/* End PBXFrameworksBuildPhase section */

/* Begin PBXGroup section */
		1641C40228C28D9E00AB2C33 = {
			isa = PBXGroup;
			children = (
				1641C40D28C28D9E00AB2C33 /* PhotoApp */,
				1641C40C28C28D9E00AB2C33 /* Products */,
			);
			sourceTree = "<group>";
		};
		1641C40C28C28D9E00AB2C33 /* Products */ = {
			isa = PBXGroup;
			children = (
				1641C40B28C28D9E00AB2C33 /* PhotoApp.app */,
			);
			name = Products;
			sourceTree = "<group>";
		};
		1641C40D28C28D9E00AB2C33 /* PhotoApp */ = {
			isa = PBXGroup;
			children = (
				169EB72D28C28F4B0000DA6A /* Resources */,
				169EB72E28C28F5D0000DA6A /* Configuration */,
				169EB72F28C28F6C0000DA6A /* Sources */,
			);
			path = PhotoApp;
			sourceTree = "<group>";
		};
		169EB72D28C28F4B0000DA6A /* Resources */ = {
			isa = PBXGroup;
			children = (
				1641C41728C28D9F00AB2C33 /* Assets.xcassets */,
			);
			path = Resources;
			sourceTree = "<group>";
		};
		169EB72E28C28F5D0000DA6A /* Configuration */ = {
			isa = PBXGroup;
			children = (
				1641C41C28C28D9F00AB2C33 /* Info.plist */,
			);
			path = Configuration;
			sourceTree = "<group>";
		};
		169EB72F28C28F6C0000DA6A /* Sources */ = {
			isa = PBXGroup;
			children = (
				169EB73028C28F7E0000DA6A /* App */,
				169EB73128C2A7210000DA6A /* PhotoTabBarController.swift */,
				1641C41228C28D9E00AB2C33 /* AlbumPhotoViewController.swift */,
				169EB74028C5340A0000DA6A /* AlbumSectionHeader.swift */,
				169EB73928C2BE410000DA6A /* AlbumCompositionalCell.swift */,
				169EB74628C553C20000DA6A /* AlbumModel.swift */,
				169EB74228C545BD0000DA6A /* PhotoTableCell.swift */,
				169EB74828C56ACB0000DA6A /* PhotoTableModel.swift */,
				169EB73328C2A7FB0000DA6A /* MediaLibraryViewController.swift */,
				169EB73528C2A8290000DA6A /* PersonalPhotoViewController.swift */,
				169EB73728C2A85F0000DA6A /* SearchPhotoViewController.swift */,
			);
			path = Sources;
			sourceTree = "<group>";
		};
		169EB73028C28F7E0000DA6A /* App */ = {
			isa = PBXGroup;
			children = (
				1641C40E28C28D9E00AB2C33 /* AppDelegate.swift */,
				1641C41028C28D9E00AB2C33 /* SceneDelegate.swift */,
			);
			path = App;
			sourceTree = "<group>";
		};
/* End PBXGroup section */

/* Begin PBXNativeTarget section */
		1641C40A28C28D9E00AB2C33 /* PhotoApp */ = {
			isa = PBXNativeTarget;
			buildConfigurationList = 1641C41F28C28D9F00AB2C33 /* Build configuration list for PBXNativeTarget "PhotoApp" */;
			buildPhases = (
				1641C40728C28D9E00AB2C33 /* Sources */,
				1641C40828C28D9E00AB2C33 /* Frameworks */,
				1641C40928C28D9E00AB2C33 /* Resources */,
			);
			buildRules = (
			);
			dependencies = (
			);
			name = PhotoApp;
			packageProductDependencies = (
				169EB73C28C2C45C0000DA6A /* SnapKit */,
			);
			productName = PhotoApp;
			productReference = 1641C40B28C28D9E00AB2C33 /* PhotoApp.app */;
			productType = "com.apple.product-type.application";
		};
/* End PBXNativeTarget section */

/* Begin PBXProject section */
		1641C40328C28D9E00AB2C33 /* Project object */ = {
			isa = PBXProject;
			attributes = {
				BuildIndependentTargetsInParallel = 1;
				LastSwiftUpdateCheck = 1340;
				LastUpgradeCheck = 1340;
				TargetAttributes = {
					1641C40A28C28D9E00AB2C33 = {
						CreatedOnToolsVersion = 13.4.1;
					};
				};
			};
			buildConfigurationList = 1641C40628C28D9E00AB2C33 /* Build configuration list for PBXProject "PhotoApp" */;
			compatibilityVersion = "Xcode 13.0";
			developmentRegion = en;
			hasScannedForEncodings = 0;
			knownRegions = (
				en,
				Base,
			);
			mainGroup = 1641C40228C28D9E00AB2C33;
			packageReferences = (
				169EB73B28C2C45C0000DA6A /* XCRemoteSwiftPackageReference "SnapKit" */,
			);
			productRefGroup = 1641C40C28C28D9E00AB2C33 /* Products */;
			projectDirPath = "";
			projectRoot = "";
			targets = (
				1641C40A28C28D9E00AB2C33 /* PhotoApp */,
			);
		};
/* End PBXProject section */

/* Begin PBXResourcesBuildPhase section */
		1641C40928C28D9E00AB2C33 /* Resources */ = {
			isa = PBXResourcesBuildPhase;
			buildActionMask = 2147483647;
			files = (
				1641C41828C28D9F00AB2C33 /* Assets.xcassets in Resources */,
			);
			runOnlyForDeploymentPostprocessing = 0;
		};
/* End PBXResourcesBuildPhase section */

/* Begin PBXSourcesBuildPhase section */
		1641C40728C28D9E00AB2C33 /* Sources */ = {
			isa = PBXSourcesBuildPhase;
			buildActionMask = 2147483647;
			files = (
				169EB73228C2A7210000DA6A /* PhotoTabBarController.swift in Sources */,
				169EB73628C2A8290000DA6A /* PersonalPhotoViewController.swift in Sources */,
				169EB73A28C2BE410000DA6A /* AlbumCompositionalCell.swift in Sources */,
				1641C41328C28D9E00AB2C33 /* AlbumPhotoViewController.swift in Sources */,
				169EB74128C5340A0000DA6A /* AlbumSectionHeader.swift in Sources */,
				1641C40F28C28D9E00AB2C33 /* AppDelegate.swift in Sources */,
				1641C41128C28D9E00AB2C33 /* SceneDelegate.swift in Sources */,
				169EB74928C56ACB0000DA6A /* PhotoTableModel.swift in Sources */,
				169EB74328C545BD0000DA6A /* PhotoTableCell.swift in Sources */,
				169EB74728C553C20000DA6A /* AlbumModel.swift in Sources */,
				169EB73428C2A7FB0000DA6A /* MediaLibraryViewController.swift in Sources */,
				169EB73828C2A85F0000DA6A /* SearchPhotoViewController.swift in Sources */,
			);
			runOnlyForDeploymentPostprocessing = 0;
		};
/* End PBXSourcesBuildPhase section */

/* Begin XCBuildConfiguration section */
		1641C41D28C28D9F00AB2C33 /* Debug */ = {
			isa = XCBuildConfiguration;
			buildSettings = {
				ALWAYS_SEARCH_USER_PATHS = NO;
				CLANG_ANALYZER_NONNULL = YES;
				CLANG_ANALYZER_NUMBER_OBJECT_CONVERSION = YES_AGGRESSIVE;
				CLANG_CXX_LANGUAGE_STANDARD = "gnu++17";
				CLANG_ENABLE_MODULES = YES;
				CLANG_ENABLE_OBJC_ARC = YES;
				CLANG_ENABLE_OBJC_WEAK = YES;
				CLANG_WARN_BLOCK_CAPTURE_AUTORELEASING = YES;
				CLANG_WARN_BOOL_CONVERSION = YES;
				CLANG_WARN_COMMA = YES;
				CLANG_WARN_CONSTANT_CONVERSION = YES;
				CLANG_WARN_DEPRECATED_OBJC_IMPLEMENTATIONS = YES;
				CLANG_WARN_DIRECT_OBJC_ISA_USAGE = YES_ERROR;
				CLANG_WARN_DOCUMENTATION_COMMENTS = YES;
				CLANG_WARN_EMPTY_BODY = YES;
				CLANG_WARN_ENUM_CONVERSION = YES;
				CLANG_WARN_INFINITE_RECURSION = YES;
				CLANG_WARN_INT_CONVERSION = YES;
				CLANG_WARN_NON_LITERAL_NULL_CONVERSION = YES;
				CLANG_WARN_OBJC_IMPLICIT_RETAIN_SELF = YES;
				CLANG_WARN_OBJC_LITERAL_CONVERSION = YES;
				CLANG_WARN_OBJC_ROOT_CLASS = YES_ERROR;
				CLANG_WARN_QUOTED_INCLUDE_IN_FRAMEWORK_HEADER = YES;
				CLANG_WARN_RANGE_LOOP_ANALYSIS = YES;
				CLANG_WARN_STRICT_PROTOTYPES = YES;
				CLANG_WARN_SUSPICIOUS_MOVE = YES;
				CLANG_WARN_UNGUARDED_AVAILABILITY = YES_AGGRESSIVE;
				CLANG_WARN_UNREACHABLE_CODE = YES;
				CLANG_WARN__DUPLICATE_METHOD_MATCH = YES;
				COPY_PHASE_STRIP = NO;
				DEBUG_INFORMATION_FORMAT = dwarf;
				ENABLE_STRICT_OBJC_MSGSEND = YES;
				ENABLE_TESTABILITY = YES;
				GCC_C_LANGUAGE_STANDARD = gnu11;
				GCC_DYNAMIC_NO_PIC = NO;
				GCC_NO_COMMON_BLOCKS = YES;
				GCC_OPTIMIZATION_LEVEL = 0;
				GCC_PREPROCESSOR_DEFINITIONS = (
					"DEBUG=1",
					"$(inherited)",
				);
				GCC_WARN_64_TO_32_BIT_CONVERSION = YES;
				GCC_WARN_ABOUT_RETURN_TYPE = YES_ERROR;
				GCC_WARN_UNDECLARED_SELECTOR = YES;
				GCC_WARN_UNINITIALIZED_AUTOS = YES_AGGRESSIVE;
				GCC_WARN_UNUSED_FUNCTION = YES;
				GCC_WARN_UNUSED_VARIABLE = YES;
				IPHONEOS_DEPLOYMENT_TARGET = 15.5;
				MTL_ENABLE_DEBUG_INFO = INCLUDE_SOURCE;
				MTL_FAST_MATH = YES;
				ONLY_ACTIVE_ARCH = YES;
				SDKROOT = iphoneos;
				SWIFT_ACTIVE_COMPILATION_CONDITIONS = DEBUG;
				SWIFT_OPTIMIZATION_LEVEL = "-Onone";
			};
			name = Debug;
		};
		1641C41E28C28D9F00AB2C33 /* Release */ = {
			isa = XCBuildConfiguration;
			buildSettings = {
				ALWAYS_SEARCH_USER_PATHS = NO;
				CLANG_ANALYZER_NONNULL = YES;
				CLANG_ANALYZER_NUMBER_OBJECT_CONVERSION = YES_AGGRESSIVE;
				CLANG_CXX_LANGUAGE_STANDARD = "gnu++17";
				CLANG_ENABLE_MODULES = YES;
				CLANG_ENABLE_OBJC_ARC = YES;
				CLANG_ENABLE_OBJC_WEAK = YES;
				CLANG_WARN_BLOCK_CAPTURE_AUTORELEASING = YES;
				CLANG_WARN_BOOL_CONVERSION = YES;
				CLANG_WARN_COMMA = YES;
				CLANG_WARN_CONSTANT_CONVERSION = YES;
				CLANG_WARN_DEPRECATED_OBJC_IMPLEMENTATIONS = YES;
				CLANG_WARN_DIRECT_OBJC_ISA_USAGE = YES_ERROR;
				CLANG_WARN_DOCUMENTATION_COMMENTS = YES;
				CLANG_WARN_EMPTY_BODY = YES;
				CLANG_WARN_ENUM_CONVERSION = YES;
				CLANG_WARN_INFINITE_RECURSION = YES;
				CLANG_WARN_INT_CONVERSION = YES;
				CLANG_WARN_NON_LITERAL_NULL_CONVERSION = YES;
				CLANG_WARN_OBJC_IMPLICIT_RETAIN_SELF = YES;
				CLANG_WARN_OBJC_LITERAL_CONVERSION = YES;
				CLANG_WARN_OBJC_ROOT_CLASS = YES_ERROR;
				CLANG_WARN_QUOTED_INCLUDE_IN_FRAMEWORK_HEADER = YES;
				CLANG_WARN_RANGE_LOOP_ANALYSIS = YES;
				CLANG_WARN_STRICT_PROTOTYPES = YES;
				CLANG_WARN_SUSPICIOUS_MOVE = YES;
				CLANG_WARN_UNGUARDED_AVAILABILITY = YES_AGGRESSIVE;
				CLANG_WARN_UNREACHABLE_CODE = YES;
				CLANG_WARN__DUPLICATE_METHOD_MATCH = YES;
				COPY_PHASE_STRIP = NO;
				DEBUG_INFORMATION_FORMAT = "dwarf-with-dsym";
				ENABLE_NS_ASSERTIONS = NO;
				ENABLE_STRICT_OBJC_MSGSEND = YES;
				GCC_C_LANGUAGE_STANDARD = gnu11;
				GCC_NO_COMMON_BLOCKS = YES;
				GCC_WARN_64_TO_32_BIT_CONVERSION = YES;
				GCC_WARN_ABOUT_RETURN_TYPE = YES_ERROR;
				GCC_WARN_UNDECLARED_SELECTOR = YES;
				GCC_WARN_UNINITIALIZED_AUTOS = YES_AGGRESSIVE;
				GCC_WARN_UNUSED_FUNCTION = YES;
				GCC_WARN_UNUSED_VARIABLE = YES;
				IPHONEOS_DEPLOYMENT_TARGET = 15.5;
				MTL_ENABLE_DEBUG_INFO = NO;
				MTL_FAST_MATH = YES;
				SDKROOT = iphoneos;
				SWIFT_COMPILATION_MODE = wholemodule;
				SWIFT_OPTIMIZATION_LEVEL = "-O";
				VALIDATE_PRODUCT = YES;
			};
			name = Release;
		};
		1641C42028C28D9F00AB2C33 /* Debug */ = {
			isa = XCBuildConfiguration;
			buildSettings = {
				ASSETCATALOG_COMPILER_APPICON_NAME = AppIcon;
				ASSETCATALOG_COMPILER_GLOBAL_ACCENT_COLOR_NAME = AccentColor;
				CODE_SIGN_STYLE = Automatic;
				CURRENT_PROJECT_VERSION = 1;
				GENERATE_INFOPLIST_FILE = YES;
				INFOPLIST_FILE = PhotoApp/Configuration/Info.plist;
				INFOPLIST_KEY_UIApplicationSupportsIndirectInputEvents = YES;
				INFOPLIST_KEY_UILaunchStoryboardName = LaunchScreen;
				INFOPLIST_KEY_UISupportedInterfaceOrientations_iPad = "UIInterfaceOrientationPortrait UIInterfaceOrientationPortraitUpsideDown UIInterfaceOrientationLandscapeLeft UIInterfaceOrientationLandscapeRight";
				INFOPLIST_KEY_UISupportedInterfaceOrientations_iPhone = "UIInterfaceOrientationPortrait UIInterfaceOrientationLandscapeLeft UIInterfaceOrientationLandscapeRight";
				LD_RUNPATH_SEARCH_PATHS = (
					"$(inherited)",
					"@executable_path/Frameworks",
				);
				MARKETING_VERSION = 1.0;
				PRODUCT_BUNDLE_IDENTIFIER = my.PhotoApp;
				PRODUCT_NAME = "$(TARGET_NAME)";
				SWIFT_EMIT_LOC_STRINGS = YES;
				SWIFT_VERSION = 5.0;
				TARGETED_DEVICE_FAMILY = "1,2";
			};
			name = Debug;
		};
		1641C42128C28D9F00AB2C33 /* Release */ = {
			isa = XCBuildConfiguration;
			buildSettings = {
				ASSETCATALOG_COMPILER_APPICON_NAME = AppIcon;
				ASSETCATALOG_COMPILER_GLOBAL_ACCENT_COLOR_NAME = AccentColor;
				CODE_SIGN_STYLE = Automatic;
				CURRENT_PROJECT_VERSION = 1;
				GENERATE_INFOPLIST_FILE = YES;
				INFOPLIST_FILE = PhotoApp/Configuration/Info.plist;
				INFOPLIST_KEY_UIApplicationSupportsIndirectInputEvents = YES;
				INFOPLIST_KEY_UILaunchStoryboardName = LaunchScreen;
				INFOPLIST_KEY_UISupportedInterfaceOrientations_iPad = "UIInterfaceOrientationPortrait UIInterfaceOrientationPortraitUpsideDown UIInterfaceOrientationLandscapeLeft UIInterfaceOrientationLandscapeRight";
				INFOPLIST_KEY_UISupportedInterfaceOrientations_iPhone = "UIInterfaceOrientationPortrait UIInterfaceOrientationLandscapeLeft UIInterfaceOrientationLandscapeRight";
				LD_RUNPATH_SEARCH_PATHS = (
					"$(inherited)",
					"@executable_path/Frameworks",
				);
				MARKETING_VERSION = 1.0;
				PRODUCT_BUNDLE_IDENTIFIER = my.PhotoApp;
				PRODUCT_NAME = "$(TARGET_NAME)";
				SWIFT_EMIT_LOC_STRINGS = YES;
				SWIFT_VERSION = 5.0;
				TARGETED_DEVICE_FAMILY = "1,2";
			};
			name = Release;
		};
/* End XCBuildConfiguration section */

/* Begin XCConfigurationList section */
		1641C40628C28D9E00AB2C33 /* Build configuration list for PBXProject "PhotoApp" */ = {
			isa = XCConfigurationList;
			buildConfigurations = (
				1641C41D28C28D9F00AB2C33 /* Debug */,
				1641C41E28C28D9F00AB2C33 /* Release */,
			);
			defaultConfigurationIsVisible = 0;
			defaultConfigurationName = Release;
		};
		1641C41F28C28D9F00AB2C33 /* Build configuration list for PBXNativeTarget "PhotoApp" */ = {
			isa = XCConfigurationList;
			buildConfigurations = (
				1641C42028C28D9F00AB2C33 /* Debug */,
				1641C42128C28D9F00AB2C33 /* Release */,
			);
			defaultConfigurationIsVisible = 0;
			defaultConfigurationName = Release;
		};
/* End XCConfigurationList section */

/* Begin XCRemoteSwiftPackageReference section */
		169EB73B28C2C45C0000DA6A /* XCRemoteSwiftPackageReference "SnapKit" */ = {
			isa = XCRemoteSwiftPackageReference;
			repositoryURL = "https://github.com/SnapKit/SnapKit.git";
			requirement = {
				branch = develop;
				kind = branch;
			};
		};
/* End XCRemoteSwiftPackageReference section */

/* Begin XCSwiftPackageProductDependency section */
		169EB73C28C2C45C0000DA6A /* SnapKit */ = {
			isa = XCSwiftPackageProductDependency;
			package = 169EB73B28C2C45C0000DA6A /* XCRemoteSwiftPackageReference "SnapKit" */;
			productName = SnapKit;
		};
/* End XCSwiftPackageProductDependency section */
	};
	rootObject = 1641C40328C28D9E00AB2C33 /* Project object */;
}
